
Microsoft Visual Studio Solution File, Format Version 12.00
# Visual Studio 15
Project("{FAE04EC0-301F-11D3-BF4B-00C04F79EFBC}") = "Product.Sample", "Product.Sample.csproj", "{37AD2BFC-EB60-7469-6963-CD4E5208D580}"
EndProject
Global
	GlobalSection(SolutionConfigurationPlatforms) = preSolution
		Debug|Any CPU = Debug|Any CPU
		Release|Any CPU = Release|Any CPU
	EndGlobalSection
	GlobalSection(ProjectConfigurationPlatforms) = postSolution
		{37AD2BFC-EB60-7469-6963-CD4E5208D580}.Debug|Any CPU.ActiveCfg = Debug|Any CPU
		{37AD2BFC-EB60-7469-6963-CD4E5208D580}.Debug|Any CPU.Build.0 = Debug|Any CPU
		{37AD2BFC-EB60-7469-6963-CD4E5208D580}.Release|Any CPU.ActiveCfg = Release|Any CPU
		{37AD2BFC-EB60-7469-6963-CD4E5208D580}.Release|Any CPU.Build.0 = Release|Any CPU
	EndGlobalSection
	GlobalSection(SolutionProperties) = preSolution
		HideSolutionNode = FALSE
	EndGlobalSection
EndGlobal
